// !$*UTF8*$!
{
	archiveVersion = 1;
	classes = {
	};
	objectVersion = 50;
	objects = {

/* Begin PBXBuildFile section */
		185C7CBC22B2F34E003832A5 /* exampleJournalCollectionViewController.swift in Sources */ = {isa = PBXBuildFile; fileRef = 185C7CBB22B2F34E003832A5 /* exampleJournalCollectionViewController.swift */; };
		185C7CBE22B2FB24003832A5 /* oldNotesViewController.swift in Sources */ = {isa = PBXBuildFile; fileRef = 185C7CBD22B2FB24003832A5 /* oldNotesViewController.swift */; };
		186896F722B2C3A900C1F408 /* TimerViewController.swift in Sources */ = {isa = PBXBuildFile; fileRef = 186896F622B2C3A900C1F408 /* TimerViewController.swift */; };
		186896F922B2ECEB00C1F408 /* questionsTableViewController.swift in Sources */ = {isa = PBXBuildFile; fileRef = 186896F822B2ECEB00C1F408 /* questionsTableViewController.swift */; };
		18C7ABFB22B1583D00862621 /* AppDelegate.swift in Sources */ = {isa = PBXBuildFile; fileRef = 18C7ABFA22B1583D00862621 /* AppDelegate.swift */; };
		18C7ABFD22B1583D00862621 /* ViewController.swift in Sources */ = {isa = PBXBuildFile; fileRef = 18C7ABFC22B1583D00862621 /* ViewController.swift */; };
		18C7AC0022B1583D00862621 /* Main.storyboard in Resources */ = {isa = PBXBuildFile; fileRef = 18C7ABFE22B1583D00862621 /* Main.storyboard */; };
		18C7AC0322B1583D00862621 /* finalProject.xcdatamodeld in Sources */ = {isa = PBXBuildFile; fileRef = 18C7AC0122B1583D00862621 /* finalProject.xcdatamodeld */; };
		18C7AC0522B1583E00862621 /* Assets.xcassets in Resources */ = {isa = PBXBuildFile; fileRef = 18C7AC0422B1583E00862621 /* Assets.xcassets */; };
		18C7AC0822B1583E00862621 /* LaunchScreen.storyboard in Resources */ = {isa = PBXBuildFile; fileRef = 18C7AC0622B1583E00862621 /* LaunchScreen.storyboard */; };
		18EDB78022B18FFC008F3796 /* MyToDo.swift in Sources */ = {isa = PBXBuildFile; fileRef = 18EDB77F22B18FFC008F3796 /* MyToDo.swift */; };
/* End PBXBuildFile section */

/* Begin PBXFileReference section */
		185C7CBB22B2F34E003832A5 /* exampleJournalCollectionViewController.swift */ = {isa = PBXFileReference; lastKnownFileType = sourcecode.swift; path = exampleJournalCollectionViewController.swift; sourceTree = "<group>"; };
		185C7CBD22B2FB24003832A5 /* oldNotesViewController.swift */ = {isa = PBXFileReference; lastKnownFileType = sourcecode.swift; path = oldNotesViewController.swift; sourceTree = "<group>"; };
		186896F622B2C3A900C1F408 /* TimerViewController.swift */ = {isa = PBXFileReference; lastKnownFileType = sourcecode.swift; path = TimerViewController.swift; sourceTree = "<group>"; };
		186896F822B2ECEB00C1F408 /* questionsTableViewController.swift */ = {isa = PBXFileReference; lastKnownFileType = sourcecode.swift; path = questionsTableViewController.swift; sourceTree = "<group>"; };
		18C7ABF722B1583D00862621 /* finalProject.app */ = {isa = PBXFileReference; explicitFileType = wrapper.application; includeInIndex = 0; path = finalProject.app; sourceTree = BUILT_PRODUCTS_DIR; };
		18C7ABFA22B1583D00862621 /* AppDelegate.swift */ = {isa = PBXFileReference; lastKnownFileType = sourcecode.swift; path = AppDelegate.swift; sourceTree = "<group>"; };
		18C7ABFC22B1583D00862621 /* ViewController.swift */ = {isa = PBXFileReference; lastKnownFileType = sourcecode.swift; path = ViewController.swift; sourceTree = "<group>"; };
		18C7ABFF22B1583D00862621 /* Base */ = {isa = PBXFileReference; lastKnownFileType = file.storyboard; name = Base; path = Base.lproj/Main.storyboard; sourceTree = "<group>"; };
		18C7AC0222B1583D00862621 /* finalProject.xcdatamodel */ = {isa = PBXFileReference; lastKnownFileType = wrapper.xcdatamodel; path = finalProject.xcdatamodel; sourceTree = "<group>"; };
		18C7AC0422B1583E00862621 /* Assets.xcassets */ = {isa = PBXFileReference; lastKnownFileType = folder.assetcatalog; path = Assets.xcassets; sourceTree = "<group>"; };
		18C7AC0722B1583E00862621 /* Base */ = {isa = PBXFileReference; lastKnownFileType = file.storyboard; name = Base; path = Base.lproj/LaunchScreen.storyboard; sourceTree = "<group>"; };
		18C7AC0922B1583E00862621 /* Info.plist */ = {isa = PBXFileReference; lastKnownFileType = text.plist.xml; path = Info.plist; sourceTree = "<group>"; };
		18EDB77F22B18FFC008F3796 /* MyToDo.swift */ = {isa = PBXFileReference; lastKnownFileType = sourcecode.swift; path = MyToDo.swift; sourceTree = "<group>"; };
/* End PBXFileReference section */

/* Begin PBXFrameworksBuildPhase section */
		18C7ABF422B1583D00862621 /* Frameworks */ = {
			isa = PBXFrameworksBuildPhase;
			buildActionMask = 2147483647;
			files = (
			);
			runOnlyForDeploymentPostprocessing = 0;
		};
/* End PBXFrameworksBuildPhase section */

/* Begin PBXGroup section */
		18C7ABEE22B1583D00862621 = {
			isa = PBXGroup;
			children = (
				18C7ABF922B1583D00862621 /* finalProject */,
				18C7ABF822B1583D00862621 /* Products */,
			);
			sourceTree = "<group>";
		};
		18C7ABF822B1583D00862621 /* Products */ = {
			isa = PBXGroup;
			children = (
				18C7ABF722B1583D00862621 /* finalProject.app */,
			);
			name = Products;
			sourceTree = "<group>";
		};
		18C7ABF922B1583D00862621 /* finalProject */ = {
			isa = PBXGroup;
			children = (
				18C7ABFA22B1583D00862621 /* AppDelegate.swift */,
				18C7ABFC22B1583D00862621 /* ViewController.swift */,
				18C7ABFE22B1583D00862621 /* Main.storyboard */,
				186896F622B2C3A900C1F408 /* TimerViewController.swift */,
				18C7AC0422B1583E00862621 /* Assets.xcassets */,
				18C7AC0622B1583E00862621 /* LaunchScreen.storyboard */,
				18C7AC0922B1583E00862621 /* Info.plist */,
				18C7AC0122B1583D00862621 /* finalProject.xcdatamodeld */,
				18EDB77F22B18FFC008F3796 /* MyToDo.swift */,
				186896F822B2ECEB00C1F408 /* questionsTableViewController.swift */,
				185C7CBB22B2F34E003832A5 /* exampleJournalCollectionViewController.swift */,
				185C7CBD22B2FB24003832A5 /* oldNotesViewController.swift */,
			);
			path = finalProject;
			sourceTree = "<group>";
		};
/* End PBXGroup section */

/* Begin PBXNativeTarget section */
		18C7ABF622B1583D00862621 /* finalProject */ = {
			isa = PBXNativeTarget;
			buildConfigurationList = 18C7AC0C22B1583E00862621 /* Build configuration list for PBXNativeTarget "finalProject" */;
			buildPhases = (
				18C7ABF322B1583D00862621 /* Sources */,
				18C7ABF422B1583D00862621 /* Frameworks */,
				18C7ABF522B1583D00862621 /* Resources */,
			);
			buildRules = (
			);
			dependencies = (
			);
			name = finalProject;
			productName = finalProject;
			productReference = 18C7ABF722B1583D00862621 /* finalProject.app */;
			productType = "com.apple.product-type.application";
		};
/* End PBXNativeTarget section */

/* Begin PBXProject section */
		18C7ABEF22B1583D00862621 /* Project object */ = {
			isa = PBXProject;
			attributes = {
				LastSwiftUpdateCheck = 1020;
				LastUpgradeCheck = 1020;
				ORGANIZATIONNAME = Apple;
				TargetAttributes = {
					18C7ABF622B1583D00862621 = {
						CreatedOnToolsVersion = 10.2.1;
					};
				};
			};
			buildConfigurationList = 18C7ABF222B1583D00862621 /* Build configuration list for PBXProject "finalProject" */;
			compatibilityVersion = "Xcode 9.3";
			developmentRegion = en;
			hasScannedForEncodings = 0;
			knownRegions = (
				en,
				Base,
			);
			mainGroup = 18C7ABEE22B1583D00862621;
			productRefGroup = 18C7ABF822B1583D00862621 /* Products */;
			projectDirPath = "";
			projectRoot = "";
			targets = (
				18C7ABF622B1583D00862621 /* finalProject */,
			);
		};
/* End PBXProject section */

/* Begin PBXResourcesBuildPhase section */
		18C7ABF522B1583D00862621 /* Resources */ = {
			isa = PBXResourcesBuildPhase;
			buildActionMask = 2147483647;
			files = (
				18C7AC0822B1583E00862621 /* LaunchScreen.storyboard in Resources */,
				18C7AC0522B1583E00862621 /* Assets.xcassets in Resources */,
				18C7AC0022B1583D00862621 /* Main.storyboard in Resources */,
			);
			runOnlyForDeploymentPostprocessing = 0;
		};
/* End PBXResourcesBuildPhase section */

/* Begin PBXSourcesBuildPhase section */
		18C7ABF322B1583D00862621 /* Sources */ = {
			isa = PBXSourcesBuildPhase;
			buildActionMask = 2147483647;
			files = (
				186896F722B2C3A900C1F408 /* TimerViewController.swift in Sources */,
				185C7CBC22B2F34E003832A5 /* exampleJournalCollectionViewController.swift in Sources */,
				186896F922B2ECEB00C1F408 /* questionsTableViewController.swift in Sources */,
				18C7ABFD22B1583D00862621 /* ViewController.swift in Sources */,
				18C7AC0322B1583D00862621 /* finalProject.xcdatamodeld in Sources */,
				18C7ABFB22B1583D00862621 /* AppDelegate.swift in Sources */,
				185C7CBE22B2FB24003832A5 /* oldNotesViewController.swift in Sources */,
				18EDB78022B18FFC008F3796 /* MyToDo.swift in Sources */,
			);
			runOnlyForDeploymentPostprocessing = 0;
		};
/* End PBXSourcesBuildPhase section */

/* Begin PBXVariantGroup section */
		18C7ABFE22B1583D00862621 /* Main.storyboard */ = {
			isa = PBXVariantGroup;
			children = (
				18C7ABFF22B1583D00862621 /* Base */,
			);
			name = Main.storyboard;
			sourceTree = "<group>";
		};
		18C7AC0622B1583E00862621 /* LaunchScreen.storyboard */ = {
			isa = PBXVariantGroup;
			children = (
				18C7AC0722B1583E00862621 /* Base */,
			);
			name = LaunchScreen.storyboard;
			sourceTree = "<group>";
		};
/* End PBXVariantGroup section */

/* Begin XCBuildConfiguration section */
		18C7AC0A22B1583E00862621 /* Debug */ = {
			isa = XCBuildConfiguration;
			buildSettings = {
				ALWAYS_SEARCH_USER_PATHS = NO;
				CLANG_ANALYZER_NONNULL = YES;
				CLANG_ANALYZER_NUMBER_OBJECT_CONVERSION = YES_AGGRESSIVE;
				CLANG_CXX_LANGUAGE_STANDARD = "gnu++14";
				CLANG_CXX_LIBRARY = "libc++";
				CLANG_ENABLE_MODULES = YES;
				CLANG_ENABLE_OBJC_ARC = YES;
				CLANG_ENABLE_OBJC_WEAK = YES;
				CLANG_WARN_BLOCK_CAPTURE_AUTORELEASING = YES;
				CLANG_WARN_BOOL_CONVERSION = YES;
				CLANG_WARN_COMMA = YES;
				CLANG_WARN_CONSTANT_CONVERSION = YES;
				CLANG_WARN_DEPRECATED_OBJC_IMPLEMENTATIONS = YES;
				CLANG_WARN_DIRECT_OBJC_ISA_USAGE = YES_ERROR;
				CLANG_WARN_DOCUMENTATION_COMMENTS = YES;
				CLANG_WARN_EMPTY_BODY = YES;
				CLANG_WARN_ENUM_CONVERSION = YES;
				CLANG_WARN_INFINITE_RECURSION = YES;
				CLANG_WARN_INT_CONVERSION = YES;
				CLANG_WARN_NON_LITERAL_NULL_CONVERSION = YES;
				CLANG_WARN_OBJC_IMPLICIT_RETAIN_SELF = YES;
				CLANG_WARN_OBJC_LITERAL_CONVERSION = YES;
				CLANG_WARN_OBJC_ROOT_CLASS = YES_ERROR;
				CLANG_WARN_RANGE_LOOP_ANALYSIS = YES;
				CLANG_WARN_STRICT_PROTOTYPES = YES;
				CLANG_WARN_SUSPICIOUS_MOVE = YES;
				CLANG_WARN_UNGUARDED_AVAILABILITY = YES_AGGRESSIVE;
				CLANG_WARN_UNREACHABLE_CODE = YES;
				CLANG_WARN__DUPLICATE_METHOD_MATCH = YES;
				CODE_SIGN_IDENTITY = "iPhone Developer";
				COPY_PHASE_STRIP = NO;
				DEBUG_INFORMATION_FORMAT = dwarf;
				ENABLE_STRICT_OBJC_MSGSEND = YES;
				ENABLE_TESTABILITY = YES;
				GCC_C_LANGUAGE_STANDARD = gnu11;
				GCC_DYNAMIC_NO_PIC = NO;
				GCC_NO_COMMON_BLOCKS = YES;
				GCC_OPTIMIZATION_LEVEL = 0;
				GCC_PREPROCESSOR_DEFINITIONS = (
					"DEBUG=1",
					"$(inherited)",
				);
				GCC_WARN_64_TO_32_BIT_CONVERSION = YES;
				GCC_WARN_ABOUT_RETURN_TYPE = YES_ERROR;
				GCC_WARN_UNDECLARED_SELECTOR = YES;
				GCC_WARN_UNINITIALIZED_AUTOS = YES_AGGRESSIVE;
				GCC_WARN_UNUSED_FUNCTION = YES;
				GCC_WARN_UNUSED_VARIABLE = YES;
				IPHONEOS_DEPLOYMENT_TARGET = 12.2;
				MTL_ENABLE_DEBUG_INFO = INCLUDE_SOURCE;
				MTL_FAST_MATH = YES;
				ONLY_ACTIVE_ARCH = YES;
				SDKROOT = iphoneos;
				SWIFT_ACTIVE_COMPILATION_CONDITIONS = DEBUG;
				SWIFT_OPTIMIZATION_LEVEL = "-Onone";
			};
			name = Debug;
		};
		18C7AC0B22B1583E00862621 /* Release */ = {
			isa = XCBuildConfiguration;
			buildSettings = {
				ALWAYS_SEARCH_USER_PATHS = NO;
				CLANG_ANALYZER_NONNULL = YES;
				CLANG_ANALYZER_NUMBER_OBJECT_CONVERSION = YES_AGGRESSIVE;
				CLANG_CXX_LANGUAGE_STANDARD = "gnu++14";
				CLANG_CXX_LIBRARY = "libc++";
				CLANG_ENABLE_MODULES = YES;
				CLANG_ENABLE_OBJC_ARC = YES;
				CLANG_ENABLE_OBJC_WEAK = YES;
				CLANG_WARN_BLOCK_CAPTURE_AUTORELEASING = YES;
				CLANG_WARN_BOOL_CONVERSION = YES;
				CLANG_WARN_COMMA = YES;
				CLANG_WARN_CONSTANT_CONVERSION = YES;
				CLANG_WARN_DEPRECATED_OBJC_IMPLEMENTATIONS = YES;
				CLANG_WARN_DIRECT_OBJC_ISA_USAGE = YES_ERROR;
				CLANG_WARN_DOCUMENTATION_COMMENTS = YES;
				CLANG_WARN_EMPTY_BODY = YES;
				CLANG_WARN_ENUM_CONVERSION = YES;
				CLANG_WARN_INFINITE_RECURSION = YES;
				CLANG_WARN_INT_CONVERSION = YES;
				CLANG_WARN_NON_LITERAL_NULL_CONVERSION = YES;
				CLANG_WARN_OBJC_IMPLICIT_RETAIN_SELF = YES;
				CLANG_WARN_OBJC_LITERAL_CONVERSION = YES;
				CLANG_WARN_OBJC_ROOT_CLASS = YES_ERROR;
				CLANG_WARN_RANGE_LOOP_ANALYSIS = YES;
				CLANG_WARN_STRICT_PROTOTYPES = YES;
				CLANG_WARN_SUSPICIOUS_MOVE = YES;
				CLANG_WARN_UNGUARDED_AVAILABILITY = YES_AGGRESSIVE;
				CLANG_WARN_UNREACHABLE_CODE = YES;
				CLANG_WARN__DUPLICATE_METHOD_MATCH = YES;
				CODE_SIGN_IDENTITY = "iPhone Developer";
				COPY_PHASE_STRIP = NO;
				DEBUG_INFORMATION_FORMAT = "dwarf-with-dsym";
				ENABLE_NS_ASSERTIONS = NO;
				ENABLE_STRICT_OBJC_MSGSEND = YES;
				GCC_C_LANGUAGE_STANDARD = gnu11;
				GCC_NO_COMMON_BLOCKS = YES;
				GCC_WARN_64_TO_32_BIT_CONVERSION = YES;
				GCC_WARN_ABOUT_RETURN_TYPE = YES_ERROR;
				GCC_WARN_UNDECLARED_SELECTOR = YES;
				GCC_WARN_UNINITIALIZED_AUTOS = YES_AGGRESSIVE;
				GCC_WARN_UNUSED_FUNCTION = YES;
				GCC_WARN_UNUSED_VARIABLE = YES;
				IPHONEOS_DEPLOYMENT_TARGET = 12.2;
				MTL_ENABLE_DEBUG_INFO = NO;
				MTL_FAST_MATH = YES;
				SDKROOT = iphoneos;
				SWIFT_COMPILATION_MODE = wholemodule;
				SWIFT_OPTIMIZATION_LEVEL = "-O";
				VALIDATE_PRODUCT = YES;
			};
			name = Release;
		};
		18C7AC0D22B1583E00862621 /* Debug */ = {
			isa = XCBuildConfiguration;
			buildSettings = {
				ASSETCATALOG_COMPILER_APPICON_NAME = AppIcon;
				CODE_SIGN_STYLE = Automatic;
				DEVELOPMENT_TEAM = 2F8K43SX82;
				INFOPLIST_FILE = finalProject/Info.plist;
				LD_RUNPATH_SEARCH_PATHS = (
					"$(inherited)",
					"@executable_path/Frameworks",
				);
				PRODUCT_BUNDLE_IDENTIFIER = Ray.finalproject;
				PRODUCT_NAME = "$(TARGET_NAME)";
				SWIFT_VERSION = 5.0;
				TARGETED_DEVICE_FAMILY = "1,2";
			};
			name = Debug;
		};
		18C7AC0E22B1583E00862621 /* Release */ = {
			isa = XCBuildConfiguration;
			buildSettings = {
				ASSETCATALOG_COMPILER_APPICON_NAME = AppIcon;
				CODE_SIGN_STYLE = Automatic;
				DEVELOPMENT_TEAM = 2F8K43SX82;
				INFOPLIST_FILE = finalProject/Info.plist;
				LD_RUNPATH_SEARCH_PATHS = (
					"$(inherited)",
					"@executable_path/Frameworks",
				);
				PRODUCT_BUNDLE_IDENTIFIER = Ray.finalproject;
				PRODUCT_NAME = "$(TARGET_NAME)";
				SWIFT_VERSION = 5.0;
				TARGETED_DEVICE_FAMILY = "1,2";
			};
			name = Release;
		};
/* End XCBuildConfiguration section */

/* Begin XCConfigurationList section */
		18C7ABF222B1583D00862621 /* Build configuration list for PBXProject "finalProject" */ = {
			isa = XCConfigurationList;
			buildConfigurations = (
				18C7AC0A22B1583E00862621 /* Debug */,
				18C7AC0B22B1583E00862621 /* Release */,
			);
			defaultConfigurationIsVisible = 0;
			defaultConfigurationName = Release;
		};
		18C7AC0C22B1583E00862621 /* Build configuration list for PBXNativeTarget "finalProject" */ = {
			isa = XCConfigurationList;
			buildConfigurations = (
				18C7AC0D22B1583E00862621 /* Debug */,
				18C7AC0E22B1583E00862621 /* Release */,
			);
			defaultConfigurationIsVisible = 0;
			defaultConfigurationName = Release;
		};
/* End XCConfigurationList section */

/* Begin XCVersionGroup section */
		18C7AC0122B1583D00862621 /* finalProject.xcdatamodeld */ = {
			isa = XCVersionGroup;
			children = (
				18C7AC0222B1583D00862621 /* finalProject.xcdatamodel */,
			);
			currentVersion = 18C7AC0222B1583D00862621 /* finalProject.xcdatamodel */;
			path = finalProject.xcdatamodeld;
			sourceTree = "<group>";
			versionGroupType = wrapper.xcdatamodel;
		};
/* End XCVersionGroup section */
	};
	rootObject = 18C7ABEF22B1583D00862621 /* Project object */;
}
